Microsoft Visual Studio Solution File, Format Version 12.00
# Visual Studio Version 17
VisualStudioVersion = 17.5.2.0
MinimumVisualStudioVersion = 10.0.40219.1
Project("{FAE04EC0-301F-11D3-BF4B-00C04F79EFBC}") = "TeleCasino.KenoGameService", "TeleCasino.KenoGameService.csproj", "{2B17817B-4C40-051B-4A73-69F2ADFAC622}"
EndProject
Global
	GlobalSection(SolutionConfigurationPlatforms) = preSolution
		Debug|Any CPU = Debug|Any CPU
		Release|Any CPU = Release|Any CPU
	EndGlobalSection
	GlobalSection(ProjectConfigurationPlatforms) = postSolution
		{2B17817B-4C40-051B-4A73-69F2ADFAC622}.Debug|Any CPU.ActiveCfg = Debug|Any CPU
		{2B17817B-4C40-051B-4A73-69F2ADFAC622}.Debug|Any CPU.Build.0 = Debug|Any CPU
		{2B17817B-4C40-051B-4A73-69F2ADFAC622}.Release|Any CPU.ActiveCfg = Release|Any CPU
		{2B17817B-4C40-051B-4A73-69F2ADFAC622}.Release|Any CPU.Build.0 = Release|Any CPU
	EndGlobalSection
	GlobalSection(SolutionProperties) = preSolution
		HideSolutionNode = FALSE
	EndGlobalSection
	GlobalSection(ExtensibilityGlobals) = postSolution
		SolutionGuid = {FDFA5B7B-B861-4F14-A106-51D4E708EFA4}
	EndGlobalSection
EndGlobal
